{
  "nodes": {
    "agda-2_6_1": {
      "inputs": {
        "flake-utils": "flake-utils",
        "nixpkgs": "nixpkgs"
      },
      "locked": {
        "lastModified": 1670283980,
        "narHash": "sha256-dpRZHhxAHh0c2qjKBANo8KS/tg2NP/OVK0rp2N8dYi4=",
        "owner": "alexarice",
        "repo": "agda",
        "rev": "35c56664a7fc7b75fde80853ac6e4d724b3a16d6",
        "type": "github"
      },
      "original": {
        "owner": "alexarice",
        "ref": "2.6.1-flake",
        "repo": "agda",
        "type": "github"
      }
    },
    "agda-2_6_2": {
      "inputs": {
        "flake-utils": "flake-utils_2",
        "nixpkgs": "nixpkgs_2"
      },
      "locked": {
        "lastModified": 1648379345,
        "narHash": "sha256-/Hmgy3W8cdtSW0Sz4G53swAq//q6hPxW4OSG401pU08=",
        "owner": "agda",
        "repo": "agda",
        "rev": "442c76badc353d1b621243c43293106f60f7d746",
        "type": "github"
      },
      "original": {
        "owner": "agda",
        "ref": "v2.6.2.2",
        "repo": "agda",
        "type": "github"
      }
    },
    "agda-master": {
      "inputs": {
        "flake-utils": "flake-utils_3",
        "nixpkgs": "nixpkgs_3"
      },
      "locked": {
        "lastModified": 1670268122,
        "narHash": "sha256-o5JfClYht0lDN7zRZsYrOCT2RKChAZETv5KwzDG8rJ8=",
        "owner": "agda",
        "repo": "agda",
        "rev": "6a36f4f8c1c25eaacaf3d352dc39b3f0fa5d5582",
        "type": "github"
      },
      "original": {
        "owner": "agda",
        "repo": "agda",
        "rev": "6a36f4f8c1c25eaacaf3d352dc39b3f0fa5d5582",
        "type": "github"
      }
    },
    "all-agda": {
      "inputs": {
        "agda-2_6_1": "agda-2_6_1",
        "agda-2_6_2": "agda-2_6_2",
        "agda-master": "agda-master",
        "flake-utils": "flake-utils_4",
        "nixpkgs": "nixpkgs_4"
      },
      "locked": {
        "lastModified": 1670321151,
        "narHash": "sha256-ABqnEEJYWOQIubpymsF3W5fF4g3SDQnMPIie9Z31M5E=",
        "owner": "alexarice",
        "repo": "all-agda",
        "rev": "64febc945c50b39eeaaaed859ac482be92bca319",
        "type": "github"
      },
      "original": {
        "owner": "alexarice",
        "repo": "all-agda",
        "type": "github"
      }
    },
    "flake-utils": {
      "locked": {
        "lastModified": 1623875721,
        "narHash": "sha256-A8BU7bjS5GirpAUv4QA+QnJ4CceLHkcXdRp4xITDB0s=",
        "owner": "numtide",
        "repo": "flake-utils",
        "rev": "f7e004a55b120c02ecb6219596820fcd32ca8772",
        "type": "github"
      },
      "original": {
        "owner": "numtide",
        "repo": "flake-utils",
        "type": "github"
      }
    },
    "flake-utils_2": {
      "locked": {
        "lastModified": 1623875721,
        "narHash": "sha256-A8BU7bjS5GirpAUv4QA+QnJ4CceLHkcXdRp4xITDB0s=",
        "owner": "numtide",
        "repo": "flake-utils",
        "rev": "f7e004a55b120c02ecb6219596820fcd32ca8772",
        "type": "github"
      },
      "original": {
        "owner": "numtide",
        "repo": "flake-utils",
        "type": "github"
      }
    },
    "flake-utils_3": {
      "locked": {
        "lastModified": 1659877975,
        "narHash": "sha256-zllb8aq3YO3h8B/U0/J1WBgAL8EX5yWf5pMj3G0NAmc=",
        "owner": "numtide",
        "repo": "flake-utils",
        "rev": "c0e246b9b83f637f4681389ecabcb2681b4f3af0",
        "type": "github"
      },
      "original": {
        "owner": "numtide",
        "repo": "flake-utils",
        "type": "github"
      }
    },
    "flake-utils_4": {
      "locked": {
        "lastModified": 1667395993,
        "narHash": "sha256-nuEHfE/LcWyuSWnS8t12N1wc105Qtau+/OdUAjtQ0rA=",
        "owner": "numtide",
        "repo": "flake-utils",
        "rev": "5aed5285a952e0b949eb3ba02c12fa4fcfef535f",
        "type": "github"
      },
      "original": {
        "owner": "numtide",
        "repo": "flake-utils",
        "type": "github"
      }
    },
    "flake-utils_5": {
      "locked": {
        "lastModified": 1649676176,
        "narHash": "sha256-OWKJratjt2RW151VUlJPRALb7OU2S5s+f0vLj4o1bHM=",
        "owner": "numtide",
        "repo": "flake-utils",
        "rev": "a4b154ebbdc88c8498a5c7b01589addc9e9cb678",
        "type": "github"
      },
      "original": {
        "owner": "numtide",
        "repo": "flake-utils",
        "type": "github"
      }
    },
    "nixpkgs": {
      "locked": {
        "lastModified": 1628427995,
        "narHash": "sha256-Rut8HcmyPTHMDx1NoGlF2Cmqv6n+fOL5bakcsfW4KFE=",
        "owner": "NixOS",
        "repo": "nixpkgs",
        "rev": "c481b497d5c3754c50e89795c6d903dd0d130baa",
        "type": "github"
      },
      "original": {
        "id": "nixpkgs",
        "type": "indirect"
      }
    },
    "nixpkgs_2": {
      "locked": {
        "lastModified": 1628427995,
        "narHash": "sha256-Rut8HcmyPTHMDx1NoGlF2Cmqv6n+fOL5bakcsfW4KFE=",
        "owner": "NixOS",
        "repo": "nixpkgs",
        "rev": "c481b497d5c3754c50e89795c6d903dd0d130baa",
        "type": "github"
      },
      "original": {
        "id": "nixpkgs",
        "type": "indirect"
      }
    },
    "nixpkgs_3": {
      "locked": {
        "lastModified": 1663551060,
        "narHash": "sha256-e2SR4cVx9p7aW/XnVsGsWZBplApA9ZJUjc0fejJhnYo=",
        "owner": "NixOS",
        "repo": "nixpkgs",
        "rev": "8a5b9ee7b7a2b38267c9481f5c629c015108ab0d",
        "type": "github"
      },
      "original": {
        "id": "nixpkgs",
        "type": "indirect"
      }
    },
    "nixpkgs_4": {
      "locked": {
        "lastModified": 1670148586,
        "narHash": "sha256-EcDfOiTHs0UBAtyGc0wxJJdhcMjrJEgWXjJutxZGA3E=",
        "owner": "NixOS",
        "repo": "nixpkgs",
        "rev": "a2d2f70b82ada0eadbcb1df2bca32d841a3c1bf1",
        "type": "github"
      },
      "original": {
        "id": "nixpkgs",
        "type": "indirect"
      }
    },
    "nixpkgs_5": {
      "locked": {
        "lastModified": 1650527056,
        "narHash": "sha256-dyBthjAs6JlNNDMi7SY+d2CirgBDqjG8SvZKeUvTLqM=",
        "owner": "NixOS",
        "repo": "nixpkgs",
        "rev": "b06d35b406c2396dd1611dc8601138fa3d06ee60",
        "type": "github"
      },
      "original": {
        "id": "nixpkgs",
        "type": "indirect"
      }
    },
    "nixpkgsold": {
      "locked": {
        "lastModified": 1610705556,
        "narHash": "sha256-N8bH+pyVTXYPjLY1F23BoJ85w/Qe4h46eGIdHTLMUAk=",
        "owner": "nixos",
        "repo": "nixpkgs",
        "rev": "8c5d37129fc5097d9fb52e95fb07de75392d1c3c",
        "type": "github"
      },
      "original": {
        "owner": "nixos",
        "repo": "nixpkgs",
        "rev": "8c5d37129fc5097d9fb52e95fb07de75392d1c3c",
        "type": "github"
      }
    },
    "root": {
      "inputs": {
        "all-agda": "all-agda",
        "flake-utils": "flake-utils_5",
        "nixpkgs": "nixpkgs_5",
        "nixpkgsold": "nixpkgsold",
        "styx": "styx"
      }
    },
    "styx": {
      "inputs": {
        "nixpkgs": [
          "nixpkgsold"
        ],
        "utils": "utils"
      },
      "locked": {
        "lastModified": 1619615140,
        "narHash": "sha256-+SsdR2Pa4mUmTkV7SPD53Jz3AZXcrwsPMTmoRF2Wbsw=",
        "owner": "alexarice",
        "repo": "styx",
        "rev": "5fbccab3a073a7ce491aed0217f3a1242f66cc74",
        "type": "github"
      },
      "original": {
        "owner": "alexarice",
        "ref": "flakes",
        "repo": "styx",
        "type": "github"
      }
    },
    "utils": {
      "locked": {
        "lastModified": 1617631617,
        "narHash": "sha256-PARRCz55qN3gy07VJZIlFeOX420d0nGF0RzGI/9hVlw=",
        "owner": "numtide",
        "repo": "flake-utils",
        "rev": "b2c27d1a81b0dc266270fa8aeecebbd1807fc610",
        "type": "github"
      },
      "original": {
        "owner": "numtide",
        "repo": "flake-utils",
        "type": "github"
      }
    }
  },
  "root": "root",
  "version": 7
}
